
Microsoft Visual Studio Solution File, Format Version 12.00
# Visual Studio 15
VisualStudioVersion = 15.0.28307.757
MinimumVisualStudioVersion = 10.0.40219.1
Project("{2150E333-8FDC-42A3-9474-1A3956D46DE8}") = "Microservices", "Microservices", "{D5E02081-D7B4-4C46-A630-31D124718B44}"
EndProject
Project("{2150E333-8FDC-42A3-9474-1A3956D46DE8}") = "Domain", "Domain", "{D2C1D6FA-FF54-4F57-B3A2-9CBD4A577E28}"
EndProject
Project("{2150E333-8FDC-42A3-9474-1A3956D46DE8}") = "Infra.Bus", "Infra.Bus", "{826925A5-1F74-4833-93B4-B532B0091DFD}"
EndProject
Project("{2150E333-8FDC-42A3-9474-1A3956D46DE8}") = "Infra.IoC", "Infra.IoC", "{E2F87B48-17EE-4564-A62A-2D941CB74F9C}"
EndProject
Project("{2150E333-8FDC-42A3-9474-1A3956D46DE8}") = "Presentation", "Presentation", "{7D7A7CD5-3E03-40C2-B4E8-F58F2A399AC1}"
EndProject
Project("{9A19103F-16F7-4668-BE54-9A1E7A4F7556}") = "NetBanking.Domain.Core", "NetBanking.Domain.Core\NetBanking.Domain.Core.csproj", "{56C5E2A0-926C-434A-8F18-E060EDC1469D}"
EndProject
Project("{FAE04EC0-301F-11D3-BF4B-00C04F79EFBC}") = "NetBanking.Infra.Bus", "NetBanking.Infra.Bus\NetBanking.Infra.Bus.csproj", "{BCE1B540-18AC-4CEF-A89F-B8D59F73C39D}"
EndProject
Project("{FAE04EC0-301F-11D3-BF4B-00C04F79EFBC}") = "NetBanking.Infra.IoC", "NetBanking.Infra.IoC\NetBanking.Infra.IoC.csproj", "{ACF704AD-1D57-4058-8E94-EBF4BB982CEB}"
EndProject
Project("{2150E333-8FDC-42A3-9474-1A3956D46DE8}") = "Banking", "Banking", "{42E1A64E-4613-482A-9FCA-53A33A0C262D}"
EndProject
Project("{2150E333-8FDC-42A3-9474-1A3956D46DE8}") = "Domain", "Domain", "{152DEE93-3D1C-474D-BB37-6CC3BABC0180}"
EndProject
Project("{2150E333-8FDC-42A3-9474-1A3956D46DE8}") = "Api", "Api", "{E05EAB17-5E8A-493A-9D56-117D2F357316}"
EndProject
Project("{2150E333-8FDC-42A3-9474-1A3956D46DE8}") = "Application", "Application", "{831B109E-70D6-4EDF-BB60-F314CB0634A7}"
EndProject
Project("{2150E333-8FDC-42A3-9474-1A3956D46DE8}") = "Data", "Data", "{24CAFEF6-BA4A-47E5-BE75-5E4D74F57672}"
EndProject
Project("{FAE04EC0-301F-11D3-BF4B-00C04F79EFBC}") = "NetBanking.Banking.Api", "NetBanking.Banking.Api\NetBanking.Banking.Api.csproj", "{5C515BAD-14E5-4220-BE1F-7AF51D279632}"
EndProject
Project("{FAE04EC0-301F-11D3-BF4B-00C04F79EFBC}") = "NetBanking.Banking.Application", "NetBanking.Banking.Application\NetBanking.Banking.Application.csproj", "{28CB4ECE-DA30-4A68-85D7-DD82A1CD8FF2}"
EndProject
Project("{FAE04EC0-301F-11D3-BF4B-00C04F79EFBC}") = "NetBanking.Banking.Data", "NetBanking.Banking.Data\NetBanking.Banking.Data.csproj", "{72D0C7B0-5617-4500-8743-F07701D520D5}"
EndProject
Project("{FAE04EC0-301F-11D3-BF4B-00C04F79EFBC}") = "NetBanking.Banking.Domain", "NetBanking.Banking.Domain\NetBanking.Banking.Domain.csproj", "{B913C726-96FB-441B-8779-433C8761313F}"
EndProject
Global
	GlobalSection(SolutionConfigurationPlatforms) = preSolution
		Debug|Any CPU = Debug|Any CPU
		Release|Any CPU = Release|Any CPU
	EndGlobalSection
	GlobalSection(ProjectConfigurationPlatforms) = postSolution
		{56C5E2A0-926C-434A-8F18-E060EDC1469D}.Debug|Any CPU.ActiveCfg = Debug|Any CPU
		{56C5E2A0-926C-434A-8F18-E060EDC1469D}.Debug|Any CPU.Build.0 = Debug|Any CPU
		{56C5E2A0-926C-434A-8F18-E060EDC1469D}.Release|Any CPU.ActiveCfg = Release|Any CPU
		{56C5E2A0-926C-434A-8F18-E060EDC1469D}.Release|Any CPU.Build.0 = Release|Any CPU
		{BCE1B540-18AC-4CEF-A89F-B8D59F73C39D}.Debug|Any CPU.ActiveCfg = Debug|Any CPU
		{BCE1B540-18AC-4CEF-A89F-B8D59F73C39D}.Debug|Any CPU.Build.0 = Debug|Any CPU
		{BCE1B540-18AC-4CEF-A89F-B8D59F73C39D}.Release|Any CPU.ActiveCfg = Release|Any CPU
		{BCE1B540-18AC-4CEF-A89F-B8D59F73C39D}.Release|Any CPU.Build.0 = Release|Any CPU
		{ACF704AD-1D57-4058-8E94-EBF4BB982CEB}.Debug|Any CPU.ActiveCfg = Debug|Any CPU
		{ACF704AD-1D57-4058-8E94-EBF4BB982CEB}.Debug|Any CPU.Build.0 = Debug|Any CPU
		{ACF704AD-1D57-4058-8E94-EBF4BB982CEB}.Release|Any CPU.ActiveCfg = Release|Any CPU
		{ACF704AD-1D57-4058-8E94-EBF4BB982CEB}.Release|Any CPU.Build.0 = Release|Any CPU
		{5C515BAD-14E5-4220-BE1F-7AF51D279632}.Debug|Any CPU.ActiveCfg = Debug|Any CPU
		{5C515BAD-14E5-4220-BE1F-7AF51D279632}.Debug|Any CPU.Build.0 = Debug|Any CPU
		{5C515BAD-14E5-4220-BE1F-7AF51D279632}.Release|Any CPU.ActiveCfg = Release|Any CPU
		{5C515BAD-14E5-4220-BE1F-7AF51D279632}.Release|Any CPU.Build.0 = Release|Any CPU
		{28CB4ECE-DA30-4A68-85D7-DD82A1CD8FF2}.Debug|Any CPU.ActiveCfg = Debug|Any CPU
		{28CB4ECE-DA30-4A68-85D7-DD82A1CD8FF2}.Debug|Any CPU.Build.0 = Debug|Any CPU
		{28CB4ECE-DA30-4A68-85D7-DD82A1CD8FF2}.Release|Any CPU.ActiveCfg = Release|Any CPU
		{28CB4ECE-DA30-4A68-85D7-DD82A1CD8FF2}.Release|Any CPU.Build.0 = Release|Any CPU
		{72D0C7B0-5617-4500-8743-F07701D520D5}.Debug|Any CPU.ActiveCfg = Debug|Any CPU
		{72D0C7B0-5617-4500-8743-F07701D520D5}.Debug|Any CPU.Build.0 = Debug|Any CPU
		{72D0C7B0-5617-4500-8743-F07701D520D5}.Release|Any CPU.ActiveCfg = Release|Any CPU
		{72D0C7B0-5617-4500-8743-F07701D520D5}.Release|Any CPU.Build.0 = Release|Any CPU
		{B913C726-96FB-441B-8779-433C8761313F}.Debug|Any CPU.ActiveCfg = Debug|Any CPU
		{B913C726-96FB-441B-8779-433C8761313F}.Debug|Any CPU.Build.0 = Debug|Any CPU
		{B913C726-96FB-441B-8779-433C8761313F}.Release|Any CPU.ActiveCfg = Release|Any CPU
		{B913C726-96FB-441B-8779-433C8761313F}.Release|Any CPU.Build.0 = Release|Any CPU
	EndGlobalSection
	GlobalSection(SolutionProperties) = preSolution
		HideSolutionNode = FALSE
	EndGlobalSection
	GlobalSection(NestedProjects) = preSolution
		{56C5E2A0-926C-434A-8F18-E060EDC1469D} = {D2C1D6FA-FF54-4F57-B3A2-9CBD4A577E28}
		{BCE1B540-18AC-4CEF-A89F-B8D59F73C39D} = {826925A5-1F74-4833-93B4-B532B0091DFD}
		{ACF704AD-1D57-4058-8E94-EBF4BB982CEB} = {E2F87B48-17EE-4564-A62A-2D941CB74F9C}
		{42E1A64E-4613-482A-9FCA-53A33A0C262D} = {D5E02081-D7B4-4C46-A630-31D124718B44}
		{152DEE93-3D1C-474D-BB37-6CC3BABC0180} = {42E1A64E-4613-482A-9FCA-53A33A0C262D}
		{E05EAB17-5E8A-493A-9D56-117D2F357316} = {42E1A64E-4613-482A-9FCA-53A33A0C262D}
		{831B109E-70D6-4EDF-BB60-F314CB0634A7} = {42E1A64E-4613-482A-9FCA-53A33A0C262D}
		{24CAFEF6-BA4A-47E5-BE75-5E4D74F57672} = {42E1A64E-4613-482A-9FCA-53A33A0C262D}
		{5C515BAD-14E5-4220-BE1F-7AF51D279632} = {E05EAB17-5E8A-493A-9D56-117D2F357316}
		{28CB4ECE-DA30-4A68-85D7-DD82A1CD8FF2} = {831B109E-70D6-4EDF-BB60-F314CB0634A7}
		{72D0C7B0-5617-4500-8743-F07701D520D5} = {24CAFEF6-BA4A-47E5-BE75-5E4D74F57672}
		{B913C726-96FB-441B-8779-433C8761313F} = {152DEE93-3D1C-474D-BB37-6CC3BABC0180}
	EndGlobalSection
	GlobalSection(ExtensibilityGlobals) = postSolution
		SolutionGuid = {56B45120-FA4C-4867-90CE-7D351EAA06AF}
	EndGlobalSection
EndGlobal
